// !$*UTF8*$!
{
	archiveVersion = 1;
	classes = {
	};
	objectVersion = 56;
	objects = {

/* Begin PBXBuildFile section */
		565156162BF2C0220096E6E0 /* RallyBoxApp.swift in Sources */ = {isa = PBXBuildFile; fileRef = 565156152BF2C0220096E6E0 /* RallyBoxApp.swift */; };
		565156182BF2C0220096E6E0 /* MainView.swift in Sources */ = {isa = PBXBuildFile; fileRef = 565156172BF2C0220096E6E0 /* MainView.swift */; };
		5651561A2BF2C0240096E6E0 /* Assets.xcassets in Resources */ = {isa = PBXBuildFile; fileRef = 565156192BF2C0240096E6E0 /* Assets.xcassets */; };
		5651561D2BF2C0240096E6E0 /* Preview Assets.xcassets in Resources */ = {isa = PBXBuildFile; fileRef = 5651561C2BF2C0240096E6E0 /* Preview Assets.xcassets */; };
		565156292BF2CA500096E6E0 /* RouteBookView.swift in Sources */ = {isa = PBXBuildFile; fileRef = 565156282BF2CA500096E6E0 /* RouteBookView.swift */; };
		5651562B2BF2CA8E0096E6E0 /* SettingsView.swift in Sources */ = {isa = PBXBuildFile; fileRef = 5651562A2BF2CA8E0096E6E0 /* SettingsView.swift */; };
		5651562D2BF2CAB80096E6E0 /* NavigationView.swift in Sources */ = {isa = PBXBuildFile; fileRef = 5651562C2BF2CAB80096E6E0 /* NavigationView.swift */; };
		5651562F2BF2CB3D0096E6E0 /* ToolBoxView.swift in Sources */ = {isa = PBXBuildFile; fileRef = 5651562E2BF2CB3D0096E6E0 /* ToolBoxView.swift */; };
		565156312BF2CBDD0096E6E0 /* RouteBookItem.swift in Sources */ = {isa = PBXBuildFile; fileRef = 565156302BF2CBDD0096E6E0 /* RouteBookItem.swift */; };
		565156332BF2CBEF0096E6E0 /* RouteBook.swift in Sources */ = {isa = PBXBuildFile; fileRef = 565156322BF2CBEF0096E6E0 /* RouteBook.swift */; };
		565156352BF2D7100096E6E0 /* MainHeaderView.swift in Sources */ = {isa = PBXBuildFile; fileRef = 565156342BF2D7100096E6E0 /* MainHeaderView.swift */; };
		565156382BF35AEA0096E6E0 /* MainMenuView.swift in Sources */ = {isa = PBXBuildFile; fileRef = 565156372BF35AEA0096E6E0 /* MainMenuView.swift */; };
/* End PBXBuildFile section */

/* Begin PBXFileReference section */
		565156122BF2C0220096E6E0 /* RallyBox.app */ = {isa = PBXFileReference; explicitFileType = wrapper.application; includeInIndex = 0; path = RallyBox.app; sourceTree = BUILT_PRODUCTS_DIR; };
		565156152BF2C0220096E6E0 /* RallyBoxApp.swift */ = {isa = PBXFileReference; lastKnownFileType = sourcecode.swift; path = RallyBoxApp.swift; sourceTree = "<group>"; };
		565156172BF2C0220096E6E0 /* MainView.swift */ = {isa = PBXFileReference; lastKnownFileType = sourcecode.swift; path = MainView.swift; sourceTree = "<group>"; };
		565156192BF2C0240096E6E0 /* Assets.xcassets */ = {isa = PBXFileReference; lastKnownFileType = folder.assetcatalog; path = Assets.xcassets; sourceTree = "<group>"; };
		5651561C2BF2C0240096E6E0 /* Preview Assets.xcassets */ = {isa = PBXFileReference; lastKnownFileType = folder.assetcatalog; path = "Preview Assets.xcassets"; sourceTree = "<group>"; };
		565156282BF2CA500096E6E0 /* RouteBookView.swift */ = {isa = PBXFileReference; lastKnownFileType = sourcecode.swift; path = RouteBookView.swift; sourceTree = "<group>"; };
		5651562A2BF2CA8E0096E6E0 /* SettingsView.swift */ = {isa = PBXFileReference; lastKnownFileType = sourcecode.swift; path = SettingsView.swift; sourceTree = "<group>"; };
		5651562C2BF2CAB80096E6E0 /* NavigationView.swift */ = {isa = PBXFileReference; lastKnownFileType = sourcecode.swift; path = NavigationView.swift; sourceTree = "<group>"; };
		5651562E2BF2CB3D0096E6E0 /* ToolBoxView.swift */ = {isa = PBXFileReference; lastKnownFileType = sourcecode.swift; path = ToolBoxView.swift; sourceTree = "<group>"; };
		565156302BF2CBDD0096E6E0 /* RouteBookItem.swift */ = {isa = PBXFileReference; lastKnownFileType = sourcecode.swift; path = RouteBookItem.swift; sourceTree = "<group>"; };
		565156322BF2CBEF0096E6E0 /* RouteBook.swift */ = {isa = PBXFileReference; lastKnownFileType = sourcecode.swift; path = RouteBook.swift; sourceTree = "<group>"; };
		565156342BF2D7100096E6E0 /* MainHeaderView.swift */ = {isa = PBXFileReference; lastKnownFileType = sourcecode.swift; path = MainHeaderView.swift; sourceTree = "<group>"; };
		565156372BF35AEA0096E6E0 /* MainMenuView.swift */ = {isa = PBXFileReference; lastKnownFileType = sourcecode.swift; path = MainMenuView.swift; sourceTree = "<group>"; };
/* End PBXFileReference section */

/* Begin PBXFrameworksBuildPhase section */
		5651560F2BF2C0220096E6E0 /* Frameworks */ = {
			isa = PBXFrameworksBuildPhase;
			buildActionMask = 2147483647;
			files = (
			);
			runOnlyForDeploymentPostprocessing = 0;
		};
/* End PBXFrameworksBuildPhase section */

/* Begin PBXGroup section */
		565156092BF2C0220096E6E0 = {
			isa = PBXGroup;
			children = (
				565156142BF2C0220096E6E0 /* RallyBox */,
				565156132BF2C0220096E6E0 /* Products */,
			);
			sourceTree = "<group>";
		};
		565156132BF2C0220096E6E0 /* Products */ = {
			isa = PBXGroup;
			children = (
				565156122BF2C0220096E6E0 /* RallyBox.app */,
			);
			name = Products;
			sourceTree = "<group>";
		};
		565156142BF2C0220096E6E0 /* RallyBox */ = {
			isa = PBXGroup;
			children = (
				565156272BF2C8110096E6E0 /* Other */,
				565156252BF2C7F80096E6E0 /* Models */,
				565156242BF2C7F00096E6E0 /* ViewModels */,
				565156232BF2C7E40096E6E0 /* Views */,
				5651561B2BF2C0240096E6E0 /* Preview Content */,
			);
			path = RallyBox;
			sourceTree = "<group>";
		};
		5651561B2BF2C0240096E6E0 /* Preview Content */ = {
			isa = PBXGroup;
			children = (
				5651561C2BF2C0240096E6E0 /* Preview Assets.xcassets */,
			);
			path = "Preview Content";
			sourceTree = "<group>";
		};
		565156232BF2C7E40096E6E0 /* Views */ = {
			isa = PBXGroup;
			children = (
				565156362BF2D7610096E6E0 /* Components */,
				565156172BF2C0220096E6E0 /* MainView.swift */,
				5651562E2BF2CB3D0096E6E0 /* ToolBoxView.swift */,
				565156282BF2CA500096E6E0 /* RouteBookView.swift */,
				5651562A2BF2CA8E0096E6E0 /* SettingsView.swift */,
				5651562C2BF2CAB80096E6E0 /* NavigationView.swift */,
			);
			path = Views;
			sourceTree = "<group>";
		};
		565156242BF2C7F00096E6E0 /* ViewModels */ = {
			isa = PBXGroup;
			children = (
			);
			path = ViewModels;
			sourceTree = "<group>";
		};
		565156252BF2C7F80096E6E0 /* Models */ = {
			isa = PBXGroup;
			children = (
				565156302BF2CBDD0096E6E0 /* RouteBookItem.swift */,
				565156322BF2CBEF0096E6E0 /* RouteBook.swift */,
			);
			path = Models;
			sourceTree = "<group>";
		};
		565156272BF2C8110096E6E0 /* Other */ = {
			isa = PBXGroup;
			children = (
				565156152BF2C0220096E6E0 /* RallyBoxApp.swift */,
				565156192BF2C0240096E6E0 /* Assets.xcassets */,
			);
			path = Other;
			sourceTree = "<group>";
		};
		565156362BF2D7610096E6E0 /* Components */ = {
			isa = PBXGroup;
			children = (
				565156342BF2D7100096E6E0 /* MainHeaderView.swift */,
				565156372BF35AEA0096E6E0 /* MainMenuView.swift */,
			);
			path = Components;
			sourceTree = "<group>";
		};
/* End PBXGroup section */

/* Begin PBXNativeTarget section */
		565156112BF2C0220096E6E0 /* RallyBox */ = {
			isa = PBXNativeTarget;
			buildConfigurationList = 565156202BF2C0240096E6E0 /* Build configuration list for PBXNativeTarget "RallyBox" */;
			buildPhases = (
				5651560E2BF2C0220096E6E0 /* Sources */,
				5651560F2BF2C0220096E6E0 /* Frameworks */,
				565156102BF2C0220096E6E0 /* Resources */,
			);
			buildRules = (
			);
			dependencies = (
			);
			name = RallyBox;
			productName = RallyBox;
			productReference = 565156122BF2C0220096E6E0 /* RallyBox.app */;
			productType = "com.apple.product-type.application";
		};
/* End PBXNativeTarget section */

/* Begin PBXProject section */
		5651560A2BF2C0220096E6E0 /* Project object */ = {
			isa = PBXProject;
			attributes = {
				BuildIndependentTargetsInParallel = 1;
				LastSwiftUpdateCheck = 1540;
				LastUpgradeCheck = 1540;
				TargetAttributes = {
					565156112BF2C0220096E6E0 = {
						CreatedOnToolsVersion = 15.4;
					};
				};
			};
			buildConfigurationList = 5651560D2BF2C0220096E6E0 /* Build configuration list for PBXProject "RallyBox" */;
			compatibilityVersion = "Xcode 14.0";
			developmentRegion = en;
			hasScannedForEncodings = 0;
			knownRegions = (
				en,
				Base,
			);
			mainGroup = 565156092BF2C0220096E6E0;
			productRefGroup = 565156132BF2C0220096E6E0 /* Products */;
			projectDirPath = "";
			projectRoot = "";
			targets = (
				565156112BF2C0220096E6E0 /* RallyBox */,
			);
		};
/* End PBXProject section */

/* Begin PBXResourcesBuildPhase section */
		565156102BF2C0220096E6E0 /* Resources */ = {
			isa = PBXResourcesBuildPhase;
			buildActionMask = 2147483647;
			files = (
				5651561D2BF2C0240096E6E0 /* Preview Assets.xcassets in Resources */,
				5651561A2BF2C0240096E6E0 /* Assets.xcassets in Resources */,
			);
			runOnlyForDeploymentPostprocessing = 0;
		};
/* End PBXResourcesBuildPhase section */

/* Begin PBXSourcesBuildPhase section */
		5651560E2BF2C0220096E6E0 /* Sources */ = {
			isa = PBXSourcesBuildPhase;
			buildActionMask = 2147483647;
			files = (
				565156382BF35AEA0096E6E0 /* MainMenuView.swift in Sources */,
				5651562F2BF2CB3D0096E6E0 /* ToolBoxView.swift in Sources */,
				565156312BF2CBDD0096E6E0 /* RouteBookItem.swift in Sources */,
				5651562D2BF2CAB80096E6E0 /* NavigationView.swift in Sources */,
				565156292BF2CA500096E6E0 /* RouteBookView.swift in Sources */,
				565156352BF2D7100096E6E0 /* MainHeaderView.swift in Sources */,
				565156332BF2CBEF0096E6E0 /* RouteBook.swift in Sources */,
				5651562B2BF2CA8E0096E6E0 /* SettingsView.swift in Sources */,
				565156182BF2C0220096E6E0 /* MainView.swift in Sources */,
				565156162BF2C0220096E6E0 /* RallyBoxApp.swift in Sources */,
			);
			runOnlyForDeploymentPostprocessing = 0;
		};
/* End PBXSourcesBuildPhase section */

/* Begin XCBuildConfiguration section */
		5651561E2BF2C0240096E6E0 /* Debug */ = {
			isa = XCBuildConfiguration;
			buildSettings = {
				ALWAYS_SEARCH_USER_PATHS = NO;
				ASSETCATALOG_COMPILER_GENERATE_SWIFT_ASSET_SYMBOL_EXTENSIONS = YES;
				CLANG_ANALYZER_NONNULL = YES;
				CLANG_ANALYZER_NUMBER_OBJECT_CONVERSION = YES_AGGRESSIVE;
				CLANG_CXX_LANGUAGE_STANDARD = "gnu++20";
				CLANG_ENABLE_MODULES = YES;
				CLANG_ENABLE_OBJC_ARC = YES;
				CLANG_ENABLE_OBJC_WEAK = YES;
				CLANG_WARN_BLOCK_CAPTURE_AUTORELEASING = YES;
				CLANG_WARN_BOOL_CONVERSION = YES;
				CLANG_WARN_COMMA = YES;
				CLANG_WARN_CONSTANT_CONVERSION = YES;
				CLANG_WARN_DEPRECATED_OBJC_IMPLEMENTATIONS = YES;
				CLANG_WARN_DIRECT_OBJC_ISA_USAGE = YES_ERROR;
				CLANG_WARN_DOCUMENTATION_COMMENTS = YES;
				CLANG_WARN_EMPTY_BODY = YES;
				CLANG_WARN_ENUM_CONVERSION = YES;
				CLANG_WARN_INFINITE_RECURSION = YES;
				CLANG_WARN_INT_CONVERSION = YES;
				CLANG_WARN_NON_LITERAL_NULL_CONVERSION = YES;
				CLANG_WARN_OBJC_IMPLICIT_RETAIN_SELF = YES;
				CLANG_WARN_OBJC_LITERAL_CONVERSION = YES;
				CLANG_WARN_OBJC_ROOT_CLASS = YES_ERROR;
				CLANG_WARN_QUOTED_INCLUDE_IN_FRAMEWORK_HEADER = YES;
				CLANG_WARN_RANGE_LOOP_ANALYSIS = YES;
				CLANG_WARN_STRICT_PROTOTYPES = YES;
				CLANG_WARN_SUSPICIOUS_MOVE = YES;
				CLANG_WARN_UNGUARDED_AVAILABILITY = YES_AGGRESSIVE;
				CLANG_WARN_UNREACHABLE_CODE = YES;
				CLANG_WARN__DUPLICATE_METHOD_MATCH = YES;
				COPY_PHASE_STRIP = NO;
				DEBUG_INFORMATION_FORMAT = dwarf;
				ENABLE_STRICT_OBJC_MSGSEND = YES;
				ENABLE_TESTABILITY = YES;
				ENABLE_USER_SCRIPT_SANDBOXING = YES;
				GCC_C_LANGUAGE_STANDARD = gnu17;
				GCC_DYNAMIC_NO_PIC = NO;
				GCC_NO_COMMON_BLOCKS = YES;
				GCC_OPTIMIZATION_LEVEL = 0;
				GCC_PREPROCESSOR_DEFINITIONS = (
					"DEBUG=1",
					"$(inherited)",
				);
				GCC_WARN_64_TO_32_BIT_CONVERSION = YES;
				GCC_WARN_ABOUT_RETURN_TYPE = YES_ERROR;
				GCC_WARN_UNDECLARED_SELECTOR = YES;
				GCC_WARN_UNINITIALIZED_AUTOS = YES_AGGRESSIVE;
				GCC_WARN_UNUSED_FUNCTION = YES;
				GCC_WARN_UNUSED_VARIABLE = YES;
				IPHONEOS_DEPLOYMENT_TARGET = 17.5;
				LOCALIZATION_PREFERS_STRING_CATALOGS = YES;
				MTL_ENABLE_DEBUG_INFO = INCLUDE_SOURCE;
				MTL_FAST_MATH = YES;
				ONLY_ACTIVE_ARCH = YES;
				SDKROOT = iphoneos;
				SWIFT_ACTIVE_COMPILATION_CONDITIONS = "DEBUG $(inherited)";
				SWIFT_OPTIMIZATION_LEVEL = "-Onone";
			};
			name = Debug;
		};
		5651561F2BF2C0240096E6E0 /* Release */ = {
			isa = XCBuildConfiguration;
			buildSettings = {
				ALWAYS_SEARCH_USER_PATHS = NO;
				ASSETCATALOG_COMPILER_GENERATE_SWIFT_ASSET_SYMBOL_EXTENSIONS = YES;
				CLANG_ANALYZER_NONNULL = YES;
				CLANG_ANALYZER_NUMBER_OBJECT_CONVERSION = YES_AGGRESSIVE;
				CLANG_CXX_LANGUAGE_STANDARD = "gnu++20";
				CLANG_ENABLE_MODULES = YES;
				CLANG_ENABLE_OBJC_ARC = YES;
				CLANG_ENABLE_OBJC_WEAK = YES;
				CLANG_WARN_BLOCK_CAPTURE_AUTORELEASING = YES;
				CLANG_WARN_BOOL_CONVERSION = YES;
				CLANG_WARN_COMMA = YES;
				CLANG_WARN_CONSTANT_CONVERSION = YES;
				CLANG_WARN_DEPRECATED_OBJC_IMPLEMENTATIONS = YES;
				CLANG_WARN_DIRECT_OBJC_ISA_USAGE = YES_ERROR;
				CLANG_WARN_DOCUMENTATION_COMMENTS = YES;
				CLANG_WARN_EMPTY_BODY = YES;
				CLANG_WARN_ENUM_CONVERSION = YES;
				CLANG_WARN_INFINITE_RECURSION = YES;
				CLANG_WARN_INT_CONVERSION = YES;
				CLANG_WARN_NON_LITERAL_NULL_CONVERSION = YES;
				CLANG_WARN_OBJC_IMPLICIT_RETAIN_SELF = YES;
				CLANG_WARN_OBJC_LITERAL_CONVERSION = YES;
				CLANG_WARN_OBJC_ROOT_CLASS = YES_ERROR;
				CLANG_WARN_QUOTED_INCLUDE_IN_FRAMEWORK_HEADER = YES;
				CLANG_WARN_RANGE_LOOP_ANALYSIS = YES;
				CLANG_WARN_STRICT_PROTOTYPES = YES;
				CLANG_WARN_SUSPICIOUS_MOVE = YES;
				CLANG_WARN_UNGUARDED_AVAILABILITY = YES_AGGRESSIVE;
				CLANG_WARN_UNREACHABLE_CODE = YES;
				CLANG_WARN__DUPLICATE_METHOD_MATCH = YES;
				COPY_PHASE_STRIP = NO;
				DEBUG_INFORMATION_FORMAT = "dwarf-with-dsym";
				ENABLE_NS_ASSERTIONS = NO;
				ENABLE_STRICT_OBJC_MSGSEND = YES;
				ENABLE_USER_SCRIPT_SANDBOXING = YES;
				GCC_C_LANGUAGE_STANDARD = gnu17;
				GCC_NO_COMMON_BLOCKS = YES;
				GCC_WARN_64_TO_32_BIT_CONVERSION = YES;
				GCC_WARN_ABOUT_RETURN_TYPE = YES_ERROR;
				GCC_WARN_UNDECLARED_SELECTOR = YES;
				GCC_WARN_UNINITIALIZED_AUTOS = YES_AGGRESSIVE;
				GCC_WARN_UNUSED_FUNCTION = YES;
				GCC_WARN_UNUSED_VARIABLE = YES;
				IPHONEOS_DEPLOYMENT_TARGET = 17.5;
				LOCALIZATION_PREFERS_STRING_CATALOGS = YES;
				MTL_ENABLE_DEBUG_INFO = NO;
				MTL_FAST_MATH = YES;
				SDKROOT = iphoneos;
				SWIFT_COMPILATION_MODE = wholemodule;
				VALIDATE_PRODUCT = YES;
			};
			name = Release;
		};
		565156212BF2C0240096E6E0 /* Debug */ = {
			isa = XCBuildConfiguration;
			buildSettings = {
				ASSETCATALOG_COMPILER_APPICON_NAME = AppIcon;
				ASSETCATALOG_COMPILER_GLOBAL_ACCENT_COLOR_NAME = AccentColor;
				CODE_SIGN_STYLE = Automatic;
				CURRENT_PROJECT_VERSION = 1;
				DEVELOPMENT_ASSET_PATHS = "\"RallyBox/Preview Content\"";
				ENABLE_PREVIEWS = YES;
				GENERATE_INFOPLIST_FILE = YES;
				INFOPLIST_KEY_CFBundleDisplayName = RallyBox;
				INFOPLIST_KEY_UIApplicationSceneManifest_Generation = YES;
				INFOPLIST_KEY_UIApplicationSupportsIndirectInputEvents = YES;
				INFOPLIST_KEY_UILaunchScreen_Generation = YES;
				INFOPLIST_KEY_UISupportedInterfaceOrientations = UIInterfaceOrientationPortrait;
				LD_RUNPATH_SEARCH_PATHS = (
					"$(inherited)",
					"@executable_path/Frameworks",
				);
				MARKETING_VERSION = 1.0;
				PRODUCT_BUNDLE_IDENTIFIER = TihsBox.RallyBox;
				PRODUCT_NAME = "$(TARGET_NAME)";
				SWIFT_EMIT_LOC_STRINGS = YES;
				SWIFT_VERSION = 5.0;
				TARGETED_DEVICE_FAMILY = "1,2";
			};
			name = Debug;
		};
		565156222BF2C0240096E6E0 /* Release */ = {
			isa = XCBuildConfiguration;
			buildSettings = {
				ASSETCATALOG_COMPILER_APPICON_NAME = AppIcon;
				ASSETCATALOG_COMPILER_GLOBAL_ACCENT_COLOR_NAME = AccentColor;
				CODE_SIGN_STYLE = Automatic;
				CURRENT_PROJECT_VERSION = 1;
				DEVELOPMENT_ASSET_PATHS = "\"RallyBox/Preview Content\"";
				ENABLE_PREVIEWS = YES;
				GENERATE_INFOPLIST_FILE = YES;
				INFOPLIST_KEY_CFBundleDisplayName = RallyBox;
				INFOPLIST_KEY_UIApplicationSceneManifest_Generation = YES;
				INFOPLIST_KEY_UIApplicationSupportsIndirectInputEvents = YES;
				INFOPLIST_KEY_UILaunchScreen_Generation = YES;
				INFOPLIST_KEY_UISupportedInterfaceOrientations = UIInterfaceOrientationPortrait;
				LD_RUNPATH_SEARCH_PATHS = (
					"$(inherited)",
					"@executable_path/Frameworks",
				);
				MARKETING_VERSION = 1.0;
				PRODUCT_BUNDLE_IDENTIFIER = TihsBox.RallyBox;
				PRODUCT_NAME = "$(TARGET_NAME)";
				SWIFT_EMIT_LOC_STRINGS = YES;
				SWIFT_VERSION = 5.0;
				TARGETED_DEVICE_FAMILY = "1,2";
			};
			name = Release;
		};
/* End XCBuildConfiguration section */

/* Begin XCConfigurationList section */
		5651560D2BF2C0220096E6E0 /* Build configuration list for PBXProject "RallyBox" */ = {
			isa = XCConfigurationList;
			buildConfigurations = (
				5651561E2BF2C0240096E6E0 /* Debug */,
				5651561F2BF2C0240096E6E0 /* Release */,
			);
			defaultConfigurationIsVisible = 0;
			defaultConfigurationName = Release;
		};
		565156202BF2C0240096E6E0 /* Build configuration list for PBXNativeTarget "RallyBox" */ = {
			isa = XCConfigurationList;
			buildConfigurations = (
				565156212BF2C0240096E6E0 /* Debug */,
				565156222BF2C0240096E6E0 /* Release */,
			);
			defaultConfigurationIsVisible = 0;
			defaultConfigurationName = Release;
		};
/* End XCConfigurationList section */
	};
	rootObject = 5651560A2BF2C0220096E6E0 /* Project object */;
}
